// !$*UTF8*$!
{
	archiveVersion = 1;
	classes = {
	};
	objectVersion = 51;
	objects = {

/* Begin PBXBuildFile section */
		B8CFA37AA6C120C30C972EB9 /* Pods_PayUMoneySample.framework in Frameworks */ = {isa = PBXBuildFile; fileRef = ECD436E13DD0BA20531E9560 /* Pods_PayUMoneySample.framework */; };
		D10683F92452DD88000400C4 /* AppDelegate.swift in Sources */ = {isa = PBXBuildFile; fileRef = D10683F82452DD88000400C4 /* AppDelegate.swift */; };
		D10683FB2452DD88000400C4 /* ViewController.swift in Sources */ = {isa = PBXBuildFile; fileRef = D10683FA2452DD88000400C4 /* ViewController.swift */; };
		D10683FE2452DD88000400C4 /* Main.storyboard in Resources */ = {isa = PBXBuildFile; fileRef = D10683FC2452DD88000400C4 /* Main.storyboard */; };
		D10684002452DD8A000400C4 /* Assets.xcassets in Resources */ = {isa = PBXBuildFile; fileRef = D10683FF2452DD8A000400C4 /* Assets.xcassets */; };
		D10684032452DD8A000400C4 /* LaunchScreen.storyboard in Resources */ = {isa = PBXBuildFile; fileRef = D10684012452DD8A000400C4 /* LaunchScreen.storyboard */; };
		D106840F2452EBC4000400C4 /* SecondVC.swift in Sources */ = {isa = PBXBuildFile; fileRef = D106840E2452EBC4000400C4 /* SecondVC.swift */; };
/* End PBXBuildFile section */

/* Begin PBXFileReference section */
		759A1007EA0BE715EE70C23E /* Pods-PayUMoneySample.debug.xcconfig */ = {isa = PBXFileReference; includeInIndex = 1; lastKnownFileType = text.xcconfig; name = "Pods-PayUMoneySample.debug.xcconfig"; path = "Target Support Files/Pods-PayUMoneySample/Pods-PayUMoneySample.debug.xcconfig"; sourceTree = "<group>"; };
		8389E88F0D3D2AA8B1198397 /* Pods-PayUMoneySample.release.xcconfig */ = {isa = PBXFileReference; includeInIndex = 1; lastKnownFileType = text.xcconfig; name = "Pods-PayUMoneySample.release.xcconfig"; path = "Target Support Files/Pods-PayUMoneySample/Pods-PayUMoneySample.release.xcconfig"; sourceTree = "<group>"; };
		D10683F52452DD88000400C4 /* PayUMoneySample.app */ = {isa = PBXFileReference; explicitFileType = wrapper.application; includeInIndex = 0; path = PayUMoneySample.app; sourceTree = BUILT_PRODUCTS_DIR; };
		D10683F82452DD88000400C4 /* AppDelegate.swift */ = {isa = PBXFileReference; lastKnownFileType = sourcecode.swift; path = AppDelegate.swift; sourceTree = "<group>"; };
		D10683FA2452DD88000400C4 /* ViewController.swift */ = {isa = PBXFileReference; lastKnownFileType = sourcecode.swift; path = ViewController.swift; sourceTree = "<group>"; };
		D10683FD2452DD88000400C4 /* Base */ = {isa = PBXFileReference; lastKnownFileType = file.storyboard; name = Base; path = Base.lproj/Main.storyboard; sourceTree = "<group>"; };
		D10683FF2452DD8A000400C4 /* Assets.xcassets */ = {isa = PBXFileReference; lastKnownFileType = folder.assetcatalog; path = Assets.xcassets; sourceTree = "<group>"; };
		D10684022452DD8A000400C4 /* Base */ = {isa = PBXFileReference; lastKnownFileType = file.storyboard; name = Base; path = Base.lproj/LaunchScreen.storyboard; sourceTree = "<group>"; };
		D10684042452DD8A000400C4 /* Info.plist */ = {isa = PBXFileReference; lastKnownFileType = text.plist.xml; path = Info.plist; sourceTree = "<group>"; };
		D106840A2452E613000400C4 /* PayUMoneySample-Bridging-Header.h */ = {isa = PBXFileReference; lastKnownFileType = sourcecode.c.h; path = "PayUMoneySample-Bridging-Header.h"; sourceTree = "<group>"; };
		D106840E2452EBC4000400C4 /* SecondVC.swift */ = {isa = PBXFileReference; lastKnownFileType = sourcecode.swift; path = SecondVC.swift; sourceTree = "<group>"; };
		ECD436E13DD0BA20531E9560 /* Pods_PayUMoneySample.framework */ = {isa = PBXFileReference; explicitFileType = wrapper.framework; includeInIndex = 0; path = Pods_PayUMoneySample.framework; sourceTree = BUILT_PRODUCTS_DIR; };
/* End PBXFileReference section */

/* Begin PBXFrameworksBuildPhase section */
		D10683F22452DD88000400C4 /* Frameworks */ = {
			isa = PBXFrameworksBuildPhase;
			buildActionMask = 2147483647;
			files = (
				B8CFA37AA6C120C30C972EB9 /* Pods_PayUMoneySample.framework in Frameworks */,
			);
			runOnlyForDeploymentPostprocessing = 0;
		};
/* End PBXFrameworksBuildPhase section */

/* Begin PBXGroup section */
		5D68B1B11AA6E0732A6E7DE4 /* Pods */ = {
			isa = PBXGroup;
			children = (
				759A1007EA0BE715EE70C23E /* Pods-PayUMoneySample.debug.xcconfig */,
				8389E88F0D3D2AA8B1198397 /* Pods-PayUMoneySample.release.xcconfig */,
			);
			path = Pods;
			sourceTree = "<group>";
		};
		D10683EC2452DD88000400C4 = {
			isa = PBXGroup;
			children = (
				D10683F72452DD88000400C4 /* PayUMoneySample */,
				D10683F62452DD88000400C4 /* Products */,
				5D68B1B11AA6E0732A6E7DE4 /* Pods */,
				D25262B3D9F9D0C543957EB8 /* Frameworks */,
			);
			sourceTree = "<group>";
		};
		D10683F62452DD88000400C4 /* Products */ = {
			isa = PBXGroup;
			children = (
				D10683F52452DD88000400C4 /* PayUMoneySample.app */,
			);
			name = Products;
			sourceTree = "<group>";
		};
		D10683F72452DD88000400C4 /* PayUMoneySample */ = {
			isa = PBXGroup;
			children = (
				D10683F82452DD88000400C4 /* AppDelegate.swift */,
				D10683FA2452DD88000400C4 /* ViewController.swift */,
				D106840E2452EBC4000400C4 /* SecondVC.swift */,
				D10683FC2452DD88000400C4 /* Main.storyboard */,
				D10683FF2452DD8A000400C4 /* Assets.xcassets */,
				D10684012452DD8A000400C4 /* LaunchScreen.storyboard */,
				D10684042452DD8A000400C4 /* Info.plist */,
				D106840A2452E613000400C4 /* PayUMoneySample-Bridging-Header.h */,
			);
			path = PayUMoneySample;
			sourceTree = "<group>";
		};
		D25262B3D9F9D0C543957EB8 /* Frameworks */ = {
			isa = PBXGroup;
			children = (
				ECD436E13DD0BA20531E9560 /* Pods_PayUMoneySample.framework */,
			);
			name = Frameworks;
			sourceTree = "<group>";
		};
/* End PBXGroup section */

/* Begin PBXNativeTarget section */
		D10683F42452DD88000400C4 /* PayUMoneySample */ = {
			isa = PBXNativeTarget;
			buildConfigurationList = D10684072452DD8A000400C4 /* Build configuration list for PBXNativeTarget "PayUMoneySample" */;
			buildPhases = (
				E68667FE83E0BBC7FF5DC346 /* [CP] Check Pods Manifest.lock */,
				D10683F12452DD88000400C4 /* Sources */,
				D10683F22452DD88000400C4 /* Frameworks */,
				D10683F32452DD88000400C4 /* Resources */,
				AB53B55200AD7EBF21FDE6D7 /* [CP] Embed Pods Frameworks */,
			);
			buildRules = (
			);
			dependencies = (
			);
			name = PayUMoneySample;
			productName = PayUMoneySample;
			productReference = D10683F52452DD88000400C4 /* PayUMoneySample.app */;
			productType = "com.apple.product-type.application";
		};
/* End PBXNativeTarget section */

/* Begin PBXProject section */
		D10683ED2452DD88000400C4 /* Project object */ = {
			isa = PBXProject;
			attributes = {
				LastSwiftUpdateCheck = 1010;
				LastUpgradeCheck = 1010;
				ORGANIZATIONNAME = "SARA Technologies Pvt. Ltd.";
				TargetAttributes = {
					D10683F42452DD88000400C4 = {
						CreatedOnToolsVersion = 10.1;
						LastSwiftMigration = 1010;
					};
				};
			};
			buildConfigurationList = D10683F02452DD88000400C4 /* Build configuration list for PBXProject "PayUMoneySample" */;
			compatibilityVersion = "Xcode 9.3";
			developmentRegion = en;
			hasScannedForEncodings = 0;
			knownRegions = (
				en,
				Base,
			);
			mainGroup = D10683EC2452DD88000400C4;
			productRefGroup = D10683F62452DD88000400C4 /* Products */;
			projectDirPath = "";
			projectRoot = "";
			targets = (
				D10683F42452DD88000400C4 /* PayUMoneySample */,
			);
		};
/* End PBXProject section */

/* Begin PBXResourcesBuildPhase section */
		D10683F32452DD88000400C4 /* Resources */ = {
			isa = PBXResourcesBuildPhase;
			buildActionMask = 2147483647;
			files = (
				D10684032452DD8A000400C4 /* LaunchScreen.storyboard in Resources */,
				D10684002452DD8A000400C4 /* Assets.xcassets in Resources */,
				D10683FE2452DD88000400C4 /* Main.storyboard in Resources */,
			);
			runOnlyForDeploymentPostprocessing = 0;
		};
/* End PBXResourcesBuildPhase section */

/* Begin PBXShellScriptBuildPhase section */
		AB53B55200AD7EBF21FDE6D7 /* [CP] Embed Pods Frameworks */ = {
			isa = PBXShellScriptBuildPhase;
			buildActionMask = 2147483647;
			files = (
			);
			inputFileListPaths = (
				"${PODS_ROOT}/Target Support Files/Pods-PayUMoneySample/Pods-PayUMoneySample-frameworks-${CONFIGURATION}-input-files.xcfilelist",
			);
			name = "[CP] Embed Pods Frameworks";
			outputFileListPaths = (
				"${PODS_ROOT}/Target Support Files/Pods-PayUMoneySample/Pods-PayUMoneySample-frameworks-${CONFIGURATION}-output-files.xcfilelist",
			);
			runOnlyForDeploymentPostprocessing = 0;
			shellPath = /bin/sh;
			shellScript = "\"${PODS_ROOT}/Target Support Files/Pods-PayUMoneySample/Pods-PayUMoneySample-frameworks.sh\"\n";
			showEnvVarsInLog = 0;
		};
		E68667FE83E0BBC7FF5DC346 /* [CP] Check Pods Manifest.lock */ = {
			isa = PBXShellScriptBuildPhase;
			buildActionMask = 2147483647;
			files = (
			);
			inputFileListPaths = (
			);
			inputPaths = (
				"${PODS_PODFILE_DIR_PATH}/Podfile.lock",
				"${PODS_ROOT}/Manifest.lock",
			);
			name = "[CP] Check Pods Manifest.lock";
			outputFileListPaths = (
			);
			outputPaths = (
				"$(DERIVED_FILE_DIR)/Pods-PayUMoneySample-checkManifestLockResult.txt",
			);
			runOnlyForDeploymentPostprocessing = 0;
			shellPath = /bin/sh;
			shellScript = "diff \"${PODS_PODFILE_DIR_PATH}/Podfile.lock\" \"${PODS_ROOT}/Manifest.lock\" > /dev/null\nif [ $? != 0 ] ; then\n    # print error to STDERR\n    echo \"error: The sandbox is not in sync with the Podfile.lock. Run 'pod install' or update your CocoaPods installation.\" >&2\n    exit 1\nfi\n# This output is used by Xcode 'outputs' to avoid re-running this script phase.\necho \"SUCCESS\" > \"${SCRIPT_OUTPUT_FILE_0}\"\n";
			showEnvVarsInLog = 0;
		};
/* End PBXShellScriptBuildPhase section */

/* Begin PBXSourcesBuildPhase section */
		D10683F12452DD88000400C4 /* Sources */ = {
			isa = PBXSourcesBuildPhase;
			buildActionMask = 2147483647;
			files = (
				D10683FB2452DD88000400C4 /* ViewController.swift in Sources */,
				D106840F2452EBC4000400C4 /* SecondVC.swift in Sources */,
				D10683F92452DD88000400C4 /* AppDelegate.swift in Sources */,
			);
			runOnlyForDeploymentPostprocessing = 0;
		};
/* End PBXSourcesBuildPhase section */

/* Begin PBXVariantGroup section */
		D10683FC2452DD88000400C4 /* Main.storyboard */ = {
			isa = PBXVariantGroup;
			children = (
				D10683FD2452DD88000400C4 /* Base */,
			);
			name = Main.storyboard;
			sourceTree = "<group>";
		};
		D10684012452DD8A000400C4 /* LaunchScreen.storyboard */ = {
			isa = PBXVariantGroup;
			children = (
				D10684022452DD8A000400C4 /* Base */,
			);
			name = LaunchScreen.storyboard;
			sourceTree = "<group>";
		};
/* End PBXVariantGroup section */

/* Begin XCBuildConfiguration section */
		D10684052452DD8A000400C4 /* Debug */ = {
			isa = XCBuildConfiguration;
			buildSettings = {
				ALWAYS_SEARCH_USER_PATHS = NO;
				CLANG_ANALYZER_NONNULL = YES;
				CLANG_ANALYZER_NUMBER_OBJECT_CONVERSION = YES_AGGRESSIVE;
				CLANG_CXX_LANGUAGE_STANDARD = "gnu++14";
				CLANG_CXX_LIBRARY = "libc++";
				CLANG_ENABLE_MODULES = YES;
				CLANG_ENABLE_OBJC_ARC = YES;
				CLANG_ENABLE_OBJC_WEAK = YES;
				CLANG_WARN_BLOCK_CAPTURE_AUTORELEASING = YES;
				CLANG_WARN_BOOL_CONVERSION = YES;
				CLANG_WARN_COMMA = YES;
				CLANG_WARN_CONSTANT_CONVERSION = YES;
				CLANG_WARN_DEPRECATED_OBJC_IMPLEMENTATIONS = YES;
				CLANG_WARN_DIRECT_OBJC_ISA_USAGE = YES_ERROR;
				CLANG_WARN_DOCUMENTATION_COMMENTS = YES;
				CLANG_WARN_EMPTY_BODY = YES;
				CLANG_WARN_ENUM_CONVERSION = YES;
				CLANG_WARN_INFINITE_RECURSION = YES;
				CLANG_WARN_INT_CONVERSION = YES;
				CLANG_WARN_NON_LITERAL_NULL_CONVERSION = YES;
				CLANG_WARN_OBJC_IMPLICIT_RETAIN_SELF = YES;
				CLANG_WARN_OBJC_LITERAL_CONVERSION = YES;
				CLANG_WARN_OBJC_ROOT_CLASS = YES_ERROR;
				CLANG_WARN_RANGE_LOOP_ANALYSIS = YES;
				CLANG_WARN_STRICT_PROTOTYPES = YES;
				CLANG_WARN_SUSPICIOUS_MOVE = YES;
				CLANG_WARN_UNGUARDED_AVAILABILITY = YES_AGGRESSIVE;
				CLANG_WARN_UNREACHABLE_CODE = YES;
				CLANG_WARN__DUPLICATE_METHOD_MATCH = YES;
				CODE_SIGN_IDENTITY = "iPhone Developer";
				COPY_PHASE_STRIP = NO;
				DEBUG_INFORMATION_FORMAT = dwarf;
				ENABLE_STRICT_OBJC_MSGSEND = YES;
				ENABLE_TESTABILITY = YES;
				GCC_C_LANGUAGE_STANDARD = gnu11;
				GCC_DYNAMIC_NO_PIC = NO;
				GCC_NO_COMMON_BLOCKS = YES;
				GCC_OPTIMIZATION_LEVEL = 0;
				GCC_PREPROCESSOR_DEFINITIONS = (
					"DEBUG=1",
					"$(inherited)",
				);
				GCC_WARN_64_TO_32_BIT_CONVERSION = YES;
				GCC_WARN_ABOUT_RETURN_TYPE = YES_ERROR;
				GCC_WARN_UNDECLARED_SELECTOR = YES;
				GCC_WARN_UNINITIALIZED_AUTOS = YES_AGGRESSIVE;
				GCC_WARN_UNUSED_FUNCTION = YES;
				GCC_WARN_UNUSED_VARIABLE = YES;
				IPHONEOS_DEPLOYMENT_TARGET = 12.1;
				MTL_ENABLE_DEBUG_INFO = INCLUDE_SOURCE;
				MTL_FAST_MATH = YES;
				ONLY_ACTIVE_ARCH = YES;
				SDKROOT = iphoneos;
				SWIFT_ACTIVE_COMPILATION_CONDITIONS = DEBUG;
				SWIFT_OPTIMIZATION_LEVEL = "-Onone";
			};
			name = Debug;
		};
		D10684062452DD8A000400C4 /* Release */ = {
			isa = XCBuildConfiguration;
			buildSettings = {
				ALWAYS_SEARCH_USER_PATHS = NO;
				CLANG_ANALYZER_NONNULL = YES;
				CLANG_ANALYZER_NUMBER_OBJECT_CONVERSION = YES_AGGRESSIVE;
				CLANG_CXX_LANGUAGE_STANDARD = "gnu++14";
				CLANG_CXX_LIBRARY = "libc++";
				CLANG_ENABLE_MODULES = YES;
				CLANG_ENABLE_OBJC_ARC = YES;
				CLANG_ENABLE_OBJC_WEAK = YES;
				CLANG_WARN_BLOCK_CAPTURE_AUTORELEASING = YES;
				CLANG_WARN_BOOL_CONVERSION = YES;
				CLANG_WARN_COMMA = YES;
				CLANG_WARN_CONSTANT_CONVERSION = YES;
				CLANG_WARN_DEPRECATED_OBJC_IMPLEMENTATIONS = YES;
				CLANG_WARN_DIRECT_OBJC_ISA_USAGE = YES_ERROR;
				CLANG_WARN_DOCUMENTATION_COMMENTS = YES;
				CLANG_WARN_EMPTY_BODY = YES;
				CLANG_WARN_ENUM_CONVERSION = YES;
				CLANG_WARN_INFINITE_RECURSION = YES;
				CLANG_WARN_INT_CONVERSION = YES;
				CLANG_WARN_NON_LITERAL_NULL_CONVERSION = YES;
				CLANG_WARN_OBJC_IMPLICIT_RETAIN_SELF = YES;
				CLANG_WARN_OBJC_LITERAL_CONVERSION = YES;
				CLANG_WARN_OBJC_ROOT_CLASS = YES_ERROR;
				CLANG_WARN_RANGE_LOOP_ANALYSIS = YES;
				CLANG_WARN_STRICT_PROTOTYPES = YES;
				CLANG_WARN_SUSPICIOUS_MOVE = YES;
				CLANG_WARN_UNGUARDED_AVAILABILITY = YES_AGGRESSIVE;
				CLANG_WARN_UNREACHABLE_CODE = YES;
				CLANG_WARN__DUPLICATE_METHOD_MATCH = YES;
				CODE_SIGN_IDENTITY = "iPhone Developer";
				COPY_PHASE_STRIP = NO;
				DEBUG_INFORMATION_FORMAT = "dwarf-with-dsym";
				ENABLE_NS_ASSERTIONS = NO;
				ENABLE_STRICT_OBJC_MSGSEND = YES;
				GCC_C_LANGUAGE_STANDARD = gnu11;
				GCC_NO_COMMON_BLOCKS = YES;
				GCC_WARN_64_TO_32_BIT_CONVERSION = YES;
				GCC_WARN_ABOUT_RETURN_TYPE = YES_ERROR;
				GCC_WARN_UNDECLARED_SELECTOR = YES;
				GCC_WARN_UNINITIALIZED_AUTOS = YES_AGGRESSIVE;
				GCC_WARN_UNUSED_FUNCTION = YES;
				GCC_WARN_UNUSED_VARIABLE = YES;
				IPHONEOS_DEPLOYMENT_TARGET = 12.1;
				MTL_ENABLE_DEBUG_INFO = NO;
				MTL_FAST_MATH = YES;
				SDKROOT = iphoneos;
				SWIFT_COMPILATION_MODE = wholemodule;
				SWIFT_OPTIMIZATION_LEVEL = "-O";
				VALIDATE_PRODUCT = YES;
			};
			name = Release;
		};
		D10684082452DD8A000400C4 /* Debug */ = {
			isa = XCBuildConfiguration;
			baseConfigurationReference = 759A1007EA0BE715EE70C23E /* Pods-PayUMoneySample.debug.xcconfig */;
			buildSettings = {
				ASSETCATALOG_COMPILER_APPICON_NAME = AppIcon;
				CLANG_ENABLE_MODULES = YES;
				CODE_SIGN_STYLE = Manual;
				DEVELOPMENT_TEAM = "";
				INFOPLIST_FILE = PayUMoneySample/Info.plist;
				IPHONEOS_DEPLOYMENT_TARGET = 10.3;
				LD_RUNPATH_SEARCH_PATHS = (
					"$(inherited)",
					"@executable_path/Frameworks",
				);
				PRODUCT_BUNDLE_IDENTIFIER = com.saratechnologies.PayUMoneySample;
				PRODUCT_NAME = "$(TARGET_NAME)";
				PROVISIONING_PROFILE_SPECIFIER = "";
				SWIFT_OBJC_BRIDGING_HEADER = "PayUMoneySample/PayUMoneySample-Bridging-Header.h";
				SWIFT_OPTIMIZATION_LEVEL = "-Onone";
				SWIFT_VERSION = 4.2;
				TARGETED_DEVICE_FAMILY = 1;
			};
			name = Debug;
		};
		D10684092452DD8A000400C4 /* Release */ = {
			isa = XCBuildConfiguration;
			baseConfigurationReference = 8389E88F0D3D2AA8B1198397 /* Pods-PayUMoneySample.release.xcconfig */;
			buildSettings = {
				ASSETCATALOG_COMPILER_APPICON_NAME = AppIcon;
				CLANG_ENABLE_MODULES = YES;
				CODE_SIGN_STYLE = Manual;
				DEVELOPMENT_TEAM = "";
				INFOPLIST_FILE = PayUMoneySample/Info.plist;
				IPHONEOS_DEPLOYMENT_TARGET = 10.3;
				LD_RUNPATH_SEARCH_PATHS = (
					"$(inherited)",
					"@executable_path/Frameworks",
				);
				PRODUCT_BUNDLE_IDENTIFIER = com.saratechnologies.PayUMoneySample;
				PRODUCT_NAME = "$(TARGET_NAME)";
				PROVISIONING_PROFILE_SPECIFIER = "";
				SWIFT_OBJC_BRIDGING_HEADER = "PayUMoneySample/PayUMoneySample-Bridging-Header.h";
				SWIFT_VERSION = 4.2;
				TARGETED_DEVICE_FAMILY = 1;
			};
			name = Release;
		};
/* End XCBuildConfiguration section */

/* Begin XCConfigurationList section */
		D10683F02452DD88000400C4 /* Build configuration list for PBXProject "PayUMoneySample" */ = {
			isa = XCConfigurationList;
			buildConfigurations = (
				D10684052452DD8A000400C4 /* Debug */,
				D10684062452DD8A000400C4 /* Release */,
			);
			defaultConfigurationIsVisible = 0;
			defaultConfigurationName = Release;
		};
		D10684072452DD8A000400C4 /* Build configuration list for PBXNativeTarget "PayUMoneySample" */ = {
			isa = XCConfigurationList;
			buildConfigurations = (
				D10684082452DD8A000400C4 /* Debug */,
				D10684092452DD8A000400C4 /* Release */,
			);
			defaultConfigurationIsVisible = 0;
			defaultConfigurationName = Release;
		};
/* End XCConfigurationList section */
	};
	rootObject = D10683ED2452DD88000400C4 /* Project object */;
}
